
Microsoft Visual Studio Solution File, Format Version 12.00
# Visual Studio Version 16
VisualStudioVersion = 16.0.30309.148
MinimumVisualStudioVersion = 10.0.40219.1
Project("{FAE04EC0-301F-11D3-BF4B-00C04F79EFBC}") = "Josephus", "Josephus\Josephus.csproj", "{C0F83D1D-A765-4165-AC72-BDF52105E739}"
EndProject
Project("{FAE04EC0-301F-11D3-BF4B-00C04F79EFBC}") = "Josephus.Tests", "Josephus.Tests\Josephus.Tests.csproj", "{1D38AB41-D716-4058-AEFC-05CE1C10B752}"
EndProject
Global
	GlobalSection(SolutionConfigurationPlatforms) = preSolution
		Debug|Any CPU = Debug|Any CPU
		Release|Any CPU = Release|Any CPU
	EndGlobalSection
	GlobalSection(ProjectConfigurationPlatforms) = postSolution
		{C0F83D1D-A765-4165-AC72-BDF52105E739}.Debug|Any CPU.ActiveCfg = Debug|Any CPU
		{C0F83D1D-A765-4165-AC72-BDF52105E739}.Debug|Any CPU.Build.0 = Debug|Any CPU
		{C0F83D1D-A765-4165-AC72-BDF52105E739}.Release|Any CPU.ActiveCfg = Release|Any CPU
		{C0F83D1D-A765-4165-AC72-BDF52105E739}.Release|Any CPU.Build.0 = Release|Any CPU
		{1D38AB41-D716-4058-AEFC-05CE1C10B752}.Debug|Any CPU.ActiveCfg = Debug|Any CPU
		{1D38AB41-D716-4058-AEFC-05CE1C10B752}.Debug|Any CPU.Build.0 = Debug|Any CPU
		{1D38AB41-D716-4058-AEFC-05CE1C10B752}.Release|Any CPU.ActiveCfg = Release|Any CPU
		{1D38AB41-D716-4058-AEFC-05CE1C10B752}.Release|Any CPU.Build.0 = Release|Any CPU
	EndGlobalSection
	GlobalSection(SolutionProperties) = preSolution
		HideSolutionNode = FALSE
	EndGlobalSection
	GlobalSection(ExtensibilityGlobals) = postSolution
		SolutionGuid = {7290B2AB-D697-4988-861C-FEA0E38F2FA0}
	EndGlobalSection
EndGlobal
